Microsoft Visual Studio Solution File, Format Version 13.00
# Visual Studio 2013
Project("{2150E333-8FDC-42A3-9474-1A3956D46DE8}") = "(base)", "..\base", "{1AF5C76A-46B7-C085-8BC3-35371233CE99}"
EndProject
Project("{2150E333-8FDC-42A3-9474-1A3956D46DE8}") = "(common_audio)", ".", "{F4DBC581-D1BC-0F15-B59D-4DD93B16A165}"
EndProject
Project("{2150E333-8FDC-42A3-9474-1A3956D46DE8}") = "(dl)", "..\..\third_party\openmax_dl\dl", "{1D5C8A62-FC74-1322-F0E7-34A42BF8DFF2}"
EndProject
Project("{2150E333-8FDC-42A3-9474-1A3956D46DE8}") = "(openmax_dl)", "..\..\third_party\openmax_dl", "{507E5067-1244-7038-8386-E84CBF3776CC}"
EndProject
Project("{2150E333-8FDC-42A3-9474-1A3956D46DE8}") = "(system_wrappers)", "..\system_wrappers", "{C22DCE09-BE8E-C79C-FFD0-C3927B546C91}"
EndProject
Project("{2150E333-8FDC-42A3-9474-1A3956D46DE8}") = "(test)", "..\test", "{46835DB2-71BA-66C0-5A55-04D9E2C70AA8}"
EndProject
Project("{2150E333-8FDC-42A3-9474-1A3956D46DE8}") = "(testing)", "..\..\testing", "{EAC80D00-01D2-3F49-A377-20B7154947F3}"
EndProject
Project("{2150E333-8FDC-42A3-9474-1A3956D46DE8}") = "(third_party)", "..\..\third_party", "{89C816A7-DD31-D54C-C69C-5A80E0C49B77}"
EndProject
Project("{2150E333-8FDC-42A3-9474-1A3956D46DE8}") = "(webrtc)", "..", "{FB3E20CC-9516-F7D2-EFF7-C27ABDCA54B9}"
EndProject
Project("{8BC9CEB8-8B4A-11D0-8D11-00A0C91BC942}") = "common_audio", "common_audio.vcxproj", "{39FE2BB0-C2E7-DB9C-D514-19B221F3CA00}"
EndProject
Project("{8BC9CEB8-8B4A-11D0-8D11-00A0C91BC942}") = "common_audio_sse2", "common_audio_sse2.vcxproj", "{B6B37B26-252C-247D-DBA3-D03511AC9509}"
EndProject
Project("{8BC9CEB8-8B4A-11D0-8D11-00A0C91BC942}") = "common_audio_unittests", "common_audio_unittests.vcxproj", "{52A7D63A-B534-1E47-D50C-27F4E90C60BB}"
	ProjectSection(ProjectDependencies) = postProject
		{39FE2BB0-C2E7-DB9C-D514-19B221F3CA00} = {39FE2BB0-C2E7-DB9C-D514-19B221F3CA00}
		{FA45AB88-19EE-D59B-FA35-1D201C898A3C} = {FA45AB88-19EE-D59B-FA35-1D201C898A3C}
		{D822332C-4E10-95DA-CD7B-92DFD2BC19A2} = {D822332C-4E10-95DA-CD7B-92DFD2BC19A2}
		{E72F768A-94C5-F56D-6D09-2D6BBCC1C711} = {E72F768A-94C5-F56D-6D09-2D6BBCC1C711}
		{16FE3FD5-AA01-BD2A-2BFF-7785FFEDEDEC} = {16FE3FD5-AA01-BD2A-2BFF-7785FFEDEDEC}
		{4E00D9E2-1F74-8D2E-1878-DCFE215138F5} = {4E00D9E2-1F74-8D2E-1878-DCFE215138F5}
		{510DEDDC-ED2F-0A3B-ABE1-F7F1E6D75CF8} = {510DEDDC-ED2F-0A3B-ABE1-F7F1E6D75CF8}
		{0E8DC429-AA74-1515-F004-DC6870B9E429} = {0E8DC429-AA74-1515-F004-DC6870B9E429}
		{B6B37B26-252C-247D-DBA3-D03511AC9509} = {B6B37B26-252C-247D-DBA3-D03511AC9509}
		{70D0C577-EE1A-1784-0562-171BFB04F7C3} = {70D0C577-EE1A-1784-0562-171BFB04F7C3}
		{D94ABCBC-157E-B835-7C0A-CA0464781D84} = {D94ABCBC-157E-B835-7C0A-CA0464781D84}
		{4DCD256C-B345-89A3-7AA2-A189E00F12A4} = {4DCD256C-B345-89A3-7AA2-A189E00F12A4}
		{791C7308-AAB1-3EF0-32C2-A350302CDD9A} = {791C7308-AAB1-3EF0-32C2-A350302CDD9A}
		{5569B280-3A89-5837-BD37-C3A976C6F597} = {5569B280-3A89-5837-BD37-C3A976C6F597}
	EndProjectSection
EndProject
Project("{8BC9CEB8-8B4A-11D0-8D11-00A0C91BC942}") = "common_audio_unittests_run", "common_audio_unittests_run.vcxproj", "{02BF8AEF-BF08-A4FE-D918-811AB1A64FFC}"
	ProjectSection(ProjectDependencies) = postProject
		{52A7D63A-B534-1E47-D50C-27F4E90C60BB} = {52A7D63A-B534-1E47-D50C-27F4E90C60BB}
	EndProjectSection
EndProject
Project("{8BC9CEB8-8B4A-11D0-8D11-00A0C91BC942}") = "field_trial", "..\test\field_trial.vcxproj", "{70D0C577-EE1A-1784-0562-171BFB04F7C3}"
EndProject
Project("{8BC9CEB8-8B4A-11D0-8D11-00A0C91BC942}") = "gflags", "..\..\third_party\gflags\gflags.vcxproj", "{791C7308-AAB1-3EF0-32C2-A350302CDD9A}"
EndProject
Project("{8BC9CEB8-8B4A-11D0-8D11-00A0C91BC942}") = "gmock", "..\..\testing\gmock.vcxproj", "{D822332C-4E10-95DA-CD7B-92DFD2BC19A2}"
EndProject
Project("{8BC9CEB8-8B4A-11D0-8D11-00A0C91BC942}") = "gtest", "..\..\testing\gtest.vcxproj", "{E72F768A-94C5-F56D-6D09-2D6BBCC1C711}"
	ProjectSection(ProjectDependencies) = postProject
		{4DCD256C-B345-89A3-7AA2-A189E00F12A4} = {4DCD256C-B345-89A3-7AA2-A189E00F12A4}
	EndProjectSection
EndProject
Project("{8BC9CEB8-8B4A-11D0-8D11-00A0C91BC942}") = "gtest_prod", "..\..\testing\gtest_prod.vcxproj", "{4DCD256C-B345-89A3-7AA2-A189E00F12A4}"
EndProject
Project("{8BC9CEB8-8B4A-11D0-8D11-00A0C91BC942}") = "metrics_default", "..\system_wrappers\metrics_default.vcxproj", "{5569B280-3A89-5837-BD37-C3A976C6F597}"
EndProject
Project("{8BC9CEB8-8B4A-11D0-8D11-00A0C91BC942}") = "openmax_dl", "..\..\third_party\openmax_dl\dl\openmax_dl.vcxproj", "{0E8DC429-AA74-1515-F004-DC6870B9E429}"
EndProject
Project("{8BC9CEB8-8B4A-11D0-8D11-00A0C91BC942}") = "rtc_base_approved", "..\base\rtc_base_approved.vcxproj", "{510DEDDC-ED2F-0A3B-ABE1-F7F1E6D75CF8}"
EndProject
Project("{8BC9CEB8-8B4A-11D0-8D11-00A0C91BC942}") = "system_wrappers", "..\system_wrappers\system_wrappers.vcxproj", "{16FE3FD5-AA01-BD2A-2BFF-7785FFEDEDEC}"
EndProject
Project("{8BC9CEB8-8B4A-11D0-8D11-00A0C91BC942}") = "test_support", "..\test\test_support.vcxproj", "{D94ABCBC-157E-B835-7C0A-CA0464781D84}"
EndProject
Project("{8BC9CEB8-8B4A-11D0-8D11-00A0C91BC942}") = "test_support_main", "..\test\test_support_main.vcxproj", "{FA45AB88-19EE-D59B-FA35-1D201C898A3C}"
EndProject
Project("{8BC9CEB8-8B4A-11D0-8D11-00A0C91BC942}") = "webrtc_common", "..\webrtc_common.vcxproj", "{4E00D9E2-1F74-8D2E-1878-DCFE215138F5}"
EndProject
Global
	GlobalSection(SolutionConfigurationPlatforms) = preSolution
		Debug|x64 = Debug|x64
		Debug|Win32 = Debug|Win32
		Release|x64 = Release|x64
		Release|Win32 = Release|Win32
	EndGlobalSection
	GlobalSection(ProjectConfigurationPlatforms) = postSolution
		{02BF8AEF-BF08-A4FE-D918-811AB1A64FFC}.Debug|x64.ActiveCfg = Debug|x64
		{02BF8AEF-BF08-A4FE-D918-811AB1A64FFC}.Debug|x64.Build.0 = Debug|x64
		{02BF8AEF-BF08-A4FE-D918-811AB1A64FFC}.Debug|Win32.ActiveCfg = Debug|Win32
		{02BF8AEF-BF08-A4FE-D918-811AB1A64FFC}.Debug|Win32.Build.0 = Debug|Win32
		{02BF8AEF-BF08-A4FE-D918-811AB1A64FFC}.Release|x64.ActiveCfg = Release|x64
		{02BF8AEF-BF08-A4FE-D918-811AB1A64FFC}.Release|x64.Build.0 = Release|x64
		{02BF8AEF-BF08-A4FE-D918-811AB1A64FFC}.Release|Win32.ActiveCfg = Release|Win32
		{02BF8AEF-BF08-A4FE-D918-811AB1A64FFC}.Release|Win32.Build.0 = Release|Win32
		{0E8DC429-AA74-1515-F004-DC6870B9E429}.Debug|x64.ActiveCfg = Debug|x64
		{0E8DC429-AA74-1515-F004-DC6870B9E429}.Debug|x64.Build.0 = Debug|x64
		{0E8DC429-AA74-1515-F004-DC6870B9E429}.Debug|Win32.ActiveCfg = Debug|Win32
		{0E8DC429-AA74-1515-F004-DC6870B9E429}.Debug|Win32.Build.0 = Debug|Win32
		{0E8DC429-AA74-1515-F004-DC6870B9E429}.Release|x64.ActiveCfg = Release|x64
		{0E8DC429-AA74-1515-F004-DC6870B9E429}.Release|x64.Build.0 = Release|x64
		{0E8DC429-AA74-1515-F004-DC6870B9E429}.Release|Win32.ActiveCfg = Release|Win32
		{0E8DC429-AA74-1515-F004-DC6870B9E429}.Release|Win32.Build.0 = Release|Win32
		{16FE3FD5-AA01-BD2A-2BFF-7785FFEDEDEC}.Debug|x64.ActiveCfg = Debug|x64
		{16FE3FD5-AA01-BD2A-2BFF-7785FFEDEDEC}.Debug|x64.Build.0 = Debug|x64
		{16FE3FD5-AA01-BD2A-2BFF-7785FFEDEDEC}.Debug|Win32.ActiveCfg = Debug|Win32
		{16FE3FD5-AA01-BD2A-2BFF-7785FFEDEDEC}.Debug|Win32.Build.0 = Debug|Win32
		{16FE3FD5-AA01-BD2A-2BFF-7785FFEDEDEC}.Release|x64.ActiveCfg = Release|x64
		{16FE3FD5-AA01-BD2A-2BFF-7785FFEDEDEC}.Release|x64.Build.0 = Release|x64
		{16FE3FD5-AA01-BD2A-2BFF-7785FFEDEDEC}.Release|Win32.ActiveCfg = Release|Win32
		{16FE3FD5-AA01-BD2A-2BFF-7785FFEDEDEC}.Release|Win32.Build.0 = Release|Win32
		{39FE2BB0-C2E7-DB9C-D514-19B221F3CA00}.Debug|x64.ActiveCfg = Debug|x64
		{39FE2BB0-C2E7-DB9C-D514-19B221F3CA00}.Debug|x64.Build.0 = Debug|x64
		{39FE2BB0-C2E7-DB9C-D514-19B221F3CA00}.Debug|Win32.ActiveCfg = Debug|Win32
		{39FE2BB0-C2E7-DB9C-D514-19B221F3CA00}.Debug|Win32.Build.0 = Debug|Win32
		{39FE2BB0-C2E7-DB9C-D514-19B221F3CA00}.Release|x64.ActiveCfg = Release|x64
		{39FE2BB0-C2E7-DB9C-D514-19B221F3CA00}.Release|x64.Build.0 = Release|x64
		{39FE2BB0-C2E7-DB9C-D514-19B221F3CA00}.Release|Win32.ActiveCfg = Release|Win32
		{39FE2BB0-C2E7-DB9C-D514-19B221F3CA00}.Release|Win32.Build.0 = Release|Win32
		{4DCD256C-B345-89A3-7AA2-A189E00F12A4}.Debug|x64.ActiveCfg = Debug|x64
		{4DCD256C-B345-89A3-7AA2-A189E00F12A4}.Debug|x64.Build.0 = Debug|x64
		{4DCD256C-B345-89A3-7AA2-A189E00F12A4}.Debug|Win32.ActiveCfg = Debug|Win32
		{4DCD256C-B345-89A3-7AA2-A189E00F12A4}.Debug|Win32.Build.0 = Debug|Win32
		{4DCD256C-B345-89A3-7AA2-A189E00F12A4}.Release|x64.ActiveCfg = Release|x64
		{4DCD256C-B345-89A3-7AA2-A189E00F12A4}.Release|x64.Build.0 = Release|x64
		{4DCD256C-B345-89A3-7AA2-A189E00F12A4}.Release|Win32.ActiveCfg = Release|Win32
		{4DCD256C-B345-89A3-7AA2-A189E00F12A4}.Release|Win32.Build.0 = Release|Win32
		{4E00D9E2-1F74-8D2E-1878-DCFE215138F5}.Debug|x64.ActiveCfg = Debug|x64
		{4E00D9E2-1F74-8D2E-1878-DCFE215138F5}.Debug|x64.Build.0 = Debug|x64
		{4E00D9E2-1F74-8D2E-1878-DCFE215138F5}.Debug|Win32.ActiveCfg = Debug|Win32
		{4E00D9E2-1F74-8D2E-1878-DCFE215138F5}.Debug|Win32.Build.0 = Debug|Win32
		{4E00D9E2-1F74-8D2E-1878-DCFE215138F5}.Release|x64.ActiveCfg = Release|x64
		{4E00D9E2-1F74-8D2E-1878-DCFE215138F5}.Release|x64.Build.0 = Release|x64
		{4E00D9E2-1F74-8D2E-1878-DCFE215138F5}.Release|Win32.ActiveCfg = Release|Win32
		{4E00D9E2-1F74-8D2E-1878-DCFE215138F5}.Release|Win32.Build.0 = Release|Win32
		{510DEDDC-ED2F-0A3B-ABE1-F7F1E6D75CF8}.Debug|x64.ActiveCfg = Debug|x64
		{510DEDDC-ED2F-0A3B-ABE1-F7F1E6D75CF8}.Debug|x64.Build.0 = Debug|x64
		{510DEDDC-ED2F-0A3B-ABE1-F7F1E6D75CF8}.Debug|Win32.ActiveCfg = Debug|Win32
		{510DEDDC-ED2F-0A3B-ABE1-F7F1E6D75CF8}.Debug|Win32.Build.0 = Debug|Win32
		{510DEDDC-ED2F-0A3B-ABE1-F7F1E6D75CF8}.Release|x64.ActiveCfg = Release|x64
		{510DEDDC-ED2F-0A3B-ABE1-F7F1E6D75CF8}.Release|x64.Build.0 = Release|x64
		{510DEDDC-ED2F-0A3B-ABE1-F7F1E6D75CF8}.Release|Win32.ActiveCfg = Release|Win32
		{510DEDDC-ED2F-0A3B-ABE1-F7F1E6D75CF8}.Release|Win32.Build.0 = Release|Win32
		{52A7D63A-B534-1E47-D50C-27F4E90C60BB}.Debug|x64.ActiveCfg = Debug|x64
		{52A7D63A-B534-1E47-D50C-27F4E90C60BB}.Debug|x64.Build.0 = Debug|x64
		{52A7D63A-B534-1E47-D50C-27F4E90C60BB}.Debug|Win32.ActiveCfg = Debug|Win32
		{52A7D63A-B534-1E47-D50C-27F4E90C60BB}.Debug|Win32.Build.0 = Debug|Win32
		{52A7D63A-B534-1E47-D50C-27F4E90C60BB}.Release|x64.ActiveCfg = Release|x64
		{52A7D63A-B534-1E47-D50C-27F4E90C60BB}.Release|x64.Build.0 = Release|x64
		{52A7D63A-B534-1E47-D50C-27F4E90C60BB}.Release|Win32.ActiveCfg = Release|Win32
		{52A7D63A-B534-1E47-D50C-27F4E90C60BB}.Release|Win32.Build.0 = Release|Win32
		{5569B280-3A89-5837-BD37-C3A976C6F597}.Debug|x64.ActiveCfg = Debug|x64
		{5569B280-3A89-5837-BD37-C3A976C6F597}.Debug|x64.Build.0 = Debug|x64
		{5569B280-3A89-5837-BD37-C3A976C6F597}.Debug|Win32.ActiveCfg = Debug|Win32
		{5569B280-3A89-5837-BD37-C3A976C6F597}.Debug|Win32.Build.0 = Debug|Win32
		{5569B280-3A89-5837-BD37-C3A976C6F597}.Release|x64.ActiveCfg = Release|x64
		{5569B280-3A89-5837-BD37-C3A976C6F597}.Release|x64.Build.0 = Release|x64
		{5569B280-3A89-5837-BD37-C3A976C6F597}.Release|Win32.ActiveCfg = Release|Win32
		{5569B280-3A89-5837-BD37-C3A976C6F597}.Release|Win32.Build.0 = Release|Win32
		{70D0C577-EE1A-1784-0562-171BFB04F7C3}.Debug|x64.ActiveCfg = Debug|x64
		{70D0C577-EE1A-1784-0562-171BFB04F7C3}.Debug|x64.Build.0 = Debug|x64
		{70D0C577-EE1A-1784-0562-171BFB04F7C3}.Debug|Win32.ActiveCfg = Debug|Win32
		{70D0C577-EE1A-1784-0562-171BFB04F7C3}.Debug|Win32.Build.0 = Debug|Win32
		{70D0C577-EE1A-1784-0562-171BFB04F7C3}.Release|x64.ActiveCfg = Release|x64
		{70D0C577-EE1A-1784-0562-171BFB04F7C3}.Release|x64.Build.0 = Release|x64
		{70D0C577-EE1A-1784-0562-171BFB04F7C3}.Release|Win32.ActiveCfg = Release|Win32
		{70D0C577-EE1A-1784-0562-171BFB04F7C3}.Release|Win32.Build.0 = Release|Win32
		{791C7308-AAB1-3EF0-32C2-A350302CDD9A}.Debug|x64.ActiveCfg = Debug|x64
		{791C7308-AAB1-3EF0-32C2-A350302CDD9A}.Debug|x64.Build.0 = Debug|x64
		{791C7308-AAB1-3EF0-32C2-A350302CDD9A}.Debug|Win32.ActiveCfg = Debug|Win32
		{791C7308-AAB1-3EF0-32C2-A350302CDD9A}.Debug|Win32.Build.0 = Debug|Win32
		{791C7308-AAB1-3EF0-32C2-A350302CDD9A}.Release|x64.ActiveCfg = Release|x64
		{791C7308-AAB1-3EF0-32C2-A350302CDD9A}.Release|x64.Build.0 = Release|x64
		{791C7308-AAB1-3EF0-32C2-A350302CDD9A}.Release|Win32.ActiveCfg = Release|Win32
		{791C7308-AAB1-3EF0-32C2-A350302CDD9A}.Release|Win32.Build.0 = Release|Win32
		{B6B37B26-252C-247D-DBA3-D03511AC9509}.Debug|x64.ActiveCfg = Debug|x64
		{B6B37B26-252C-247D-DBA3-D03511AC9509}.Debug|x64.Build.0 = Debug|x64
		{B6B37B26-252C-247D-DBA3-D03511AC9509}.Debug|Win32.ActiveCfg = Debug|Win32
		{B6B37B26-252C-247D-DBA3-D03511AC9509}.Debug|Win32.Build.0 = Debug|Win32
		{B6B37B26-252C-247D-DBA3-D03511AC9509}.Release|x64.ActiveCfg = Release|x64
		{B6B37B26-252C-247D-DBA3-D03511AC9509}.Release|x64.Build.0 = Release|x64
		{B6B37B26-252C-247D-DBA3-D03511AC9509}.Release|Win32.ActiveCfg = Release|Win32
		{B6B37B26-252C-247D-DBA3-D03511AC9509}.Release|Win32.Build.0 = Release|Win32
		{D822332C-4E10-95DA-CD7B-92DFD2BC19A2}.Debug|x64.ActiveCfg = Debug|x64
		{D822332C-4E10-95DA-CD7B-92DFD2BC19A2}.Debug|x64.Build.0 = Debug|x64
		{D822332C-4E10-95DA-CD7B-92DFD2BC19A2}.Debug|Win32.ActiveCfg = Debug|Win32
		{D822332C-4E10-95DA-CD7B-92DFD2BC19A2}.Debug|Win32.Build.0 = Debug|Win32
		{D822332C-4E10-95DA-CD7B-92DFD2BC19A2}.Release|x64.ActiveCfg = Release|x64
		{D822332C-4E10-95DA-CD7B-92DFD2BC19A2}.Release|x64.Build.0 = Release|x64
		{D822332C-4E10-95DA-CD7B-92DFD2BC19A2}.Release|Win32.ActiveCfg = Release|Win32
		{D822332C-4E10-95DA-CD7B-92DFD2BC19A2}.Release|Win32.Build.0 = Release|Win32
		{D94ABCBC-157E-B835-7C0A-CA0464781D84}.Debug|x64.ActiveCfg = Debug|x64
		{D94ABCBC-157E-B835-7C0A-CA0464781D84}.Debug|x64.Build.0 = Debug|x64
		{D94ABCBC-157E-B835-7C0A-CA0464781D84}.Debug|Win32.ActiveCfg = Debug|Win32
		{D94ABCBC-157E-B835-7C0A-CA0464781D84}.Debug|Win32.Build.0 = Debug|Win32
		{D94ABCBC-157E-B835-7C0A-CA0464781D84}.Release|x64.ActiveCfg = Release|x64
		{D94ABCBC-157E-B835-7C0A-CA0464781D84}.Release|x64.Build.0 = Release|x64
		{D94ABCBC-157E-B835-7C0A-CA0464781D84}.Release|Win32.ActiveCfg = Release|Win32
		{D94ABCBC-157E-B835-7C0A-CA0464781D84}.Release|Win32.Build.0 = Release|Win32
		{E72F768A-94C5-F56D-6D09-2D6BBCC1C711}.Debug|x64.ActiveCfg = Debug|x64
		{E72F768A-94C5-F56D-6D09-2D6BBCC1C711}.Debug|x64.Build.0 = Debug|x64
		{E72F768A-94C5-F56D-6D09-2D6BBCC1C711}.Debug|Win32.ActiveCfg = Debug|Win32
		{E72F768A-94C5-F56D-6D09-2D6BBCC1C711}.Debug|Win32.Build.0 = Debug|Win32
		{E72F768A-94C5-F56D-6D09-2D6BBCC1C711}.Release|x64.ActiveCfg = Release|x64
		{E72F768A-94C5-F56D-6D09-2D6BBCC1C711}.Release|x64.Build.0 = Release|x64
		{E72F768A-94C5-F56D-6D09-2D6BBCC1C711}.Release|Win32.ActiveCfg = Release|Win32
		{E72F768A-94C5-F56D-6D09-2D6BBCC1C711}.Release|Win32.Build.0 = Release|Win32
		{FA45AB88-19EE-D59B-FA35-1D201C898A3C}.Debug|x64.ActiveCfg = Debug|x64
		{FA45AB88-19EE-D59B-FA35-1D201C898A3C}.Debug|x64.Build.0 = Debug|x64
		{FA45AB88-19EE-D59B-FA35-1D201C898A3C}.Debug|Win32.ActiveCfg = Debug|Win32
		{FA45AB88-19EE-D59B-FA35-1D201C898A3C}.Debug|Win32.Build.0 = Debug|Win32
		{FA45AB88-19EE-D59B-FA35-1D201C898A3C}.Release|x64.ActiveCfg = Release|x64
		{FA45AB88-19EE-D59B-FA35-1D201C898A3C}.Release|x64.Build.0 = Release|x64
		{FA45AB88-19EE-D59B-FA35-1D201C898A3C}.Release|Win32.ActiveCfg = Release|Win32
		{FA45AB88-19EE-D59B-FA35-1D201C898A3C}.Release|Win32.Build.0 = Release|Win32
	EndGlobalSection
	GlobalSection(SolutionProperties) = preSolution
		HideSolutionNode = FALSE
	EndGlobalSection
	GlobalSection(NestedProjects) = preSolution
		{510DEDDC-ED2F-0A3B-ABE1-F7F1E6D75CF8} = {1AF5C76A-46B7-C085-8BC3-35371233CE99}
		{39FE2BB0-C2E7-DB9C-D514-19B221F3CA00} = {F4DBC581-D1BC-0F15-B59D-4DD93B16A165}
		{B6B37B26-252C-247D-DBA3-D03511AC9509} = {F4DBC581-D1BC-0F15-B59D-4DD93B16A165}
		{52A7D63A-B534-1E47-D50C-27F4E90C60BB} = {F4DBC581-D1BC-0F15-B59D-4DD93B16A165}
		{02BF8AEF-BF08-A4FE-D918-811AB1A64FFC} = {F4DBC581-D1BC-0F15-B59D-4DD93B16A165}
		{0E8DC429-AA74-1515-F004-DC6870B9E429} = {1D5C8A62-FC74-1322-F0E7-34A42BF8DFF2}
		{1D5C8A62-FC74-1322-F0E7-34A42BF8DFF2} = {507E5067-1244-7038-8386-E84CBF3776CC}
		{5569B280-3A89-5837-BD37-C3A976C6F597} = {C22DCE09-BE8E-C79C-FFD0-C3927B546C91}
		{16FE3FD5-AA01-BD2A-2BFF-7785FFEDEDEC} = {C22DCE09-BE8E-C79C-FFD0-C3927B546C91}
		{70D0C577-EE1A-1784-0562-171BFB04F7C3} = {46835DB2-71BA-66C0-5A55-04D9E2C70AA8}
		{D94ABCBC-157E-B835-7C0A-CA0464781D84} = {46835DB2-71BA-66C0-5A55-04D9E2C70AA8}
		{FA45AB88-19EE-D59B-FA35-1D201C898A3C} = {46835DB2-71BA-66C0-5A55-04D9E2C70AA8}
		{D822332C-4E10-95DA-CD7B-92DFD2BC19A2} = {EAC80D00-01D2-3F49-A377-20B7154947F3}
		{E72F768A-94C5-F56D-6D09-2D6BBCC1C711} = {EAC80D00-01D2-3F49-A377-20B7154947F3}
		{4DCD256C-B345-89A3-7AA2-A189E00F12A4} = {EAC80D00-01D2-3F49-A377-20B7154947F3}
		{507E5067-1244-7038-8386-E84CBF3776CC} = {89C816A7-DD31-D54C-C69C-5A80E0C49B77}
		{791C7308-AAB1-3EF0-32C2-A350302CDD9A} = {89C816A7-DD31-D54C-C69C-5A80E0C49B77}
		{1AF5C76A-46B7-C085-8BC3-35371233CE99} = {FB3E20CC-9516-F7D2-EFF7-C27ABDCA54B9}
		{F4DBC581-D1BC-0F15-B59D-4DD93B16A165} = {FB3E20CC-9516-F7D2-EFF7-C27ABDCA54B9}
		{C22DCE09-BE8E-C79C-FFD0-C3927B546C91} = {FB3E20CC-9516-F7D2-EFF7-C27ABDCA54B9}
		{46835DB2-71BA-66C0-5A55-04D9E2C70AA8} = {FB3E20CC-9516-F7D2-EFF7-C27ABDCA54B9}
		{4E00D9E2-1F74-8D2E-1878-DCFE215138F5} = {FB3E20CC-9516-F7D2-EFF7-C27ABDCA54B9}
	EndGlobalSection
EndGlobal
