<?xml version="1.0" encoding="utf-8"?>
<Project ToolsVersion="4.0" xmlns="http://schemas.microsoft.com/developer/msbuild/2003">
  <ItemGroup>
    <Filter Include="源文件">
      <UniqueIdentifier>{4FC737F1-C7A5-4376-A066-2A32D752A2FF}</UniqueIdentifier>
      <Extensions>cpp;c;cc;cxx;def;odl;idl;hpj;bat;asm;asmx</Extensions>
    </Filter>
    <Filter Include="头文件">
      <UniqueIdentifier>{93995380-89BD-4b04-88EB-625FBE52EBFB}</UniqueIdentifier>
      <Extensions>h;hpp;hxx;hm;inl;inc;xsd</Extensions>
    </Filter>
    <Filter Include="资源文件">
      <UniqueIdentifier>{67DA6AB6-F800-4c08-8B7A-83BB121AAD01}</UniqueIdentifier>
      <Extensions>rc;ico;cur;bmp;dlg;rc2;rct;bin;rgs;gif;jpg;jpeg;jpe;resx;tiff;tif;png;wav;mfcribbon-ms</Extensions>
    </Filter>
  </ItemGroup>
  <ItemGroup>
    <ClInclude Include="_kiss_fft_guts.h">
      <Filter>头文件</Filter>
    </ClInclude>
    <ClInclude Include="analysis.h">
      <Filter>头文件</Filter>
    </ClInclude>
    <ClInclude Include="arch.h">
      <Filter>头文件</Filter>
    </ClInclude>
    <ClInclude Include="celt.h">
      <Filter>头文件</Filter>
    </ClInclude>
    <ClInclude Include="cwrs.h">
      <Filter>头文件</Filter>
    </ClInclude>
    <ClInclude Include="ecintrin.h">
      <Filter>头文件</Filter>
    </ClInclude>
    <ClInclude Include="entcode.h">
      <Filter>头文件</Filter>
    </ClInclude>
    <ClInclude Include="entdec.h">
      <Filter>头文件</Filter>
    </ClInclude>
    <ClInclude Include="entenc.h">
      <Filter>头文件</Filter>
    </ClInclude>
    <ClInclude Include="kiss_fft.h">
      <Filter>头文件</Filter>
    </ClInclude>
    <ClInclude Include="mathops.h">
      <Filter>头文件</Filter>
    </ClInclude>
    <ClInclude Include="mdct.h">
      <Filter>头文件</Filter>
    </ClInclude>
    <ClInclude Include="mlp.h">
      <Filter>头文件</Filter>
    </ClInclude>
    <ClInclude Include="modes.h">
      <Filter>头文件</Filter>
    </ClInclude>
    <ClInclude Include="opus.h">
      <Filter>头文件</Filter>
    </ClInclude>
    <ClInclude Include="opus_custom.h">
      <Filter>头文件</Filter>
    </ClInclude>
    <ClInclude Include="opus_defines.h">
      <Filter>头文件</Filter>
    </ClInclude>
    <ClInclude Include="opus_private.h">
      <Filter>头文件</Filter>
    </ClInclude>
    <ClInclude Include="opus_types.h">
      <Filter>头文件</Filter>
    </ClInclude>
    <ClInclude Include="os_support.h">
      <Filter>头文件</Filter>
    </ClInclude>
    <ClInclude Include="quant_bands.h">
      <Filter>头文件</Filter>
    </ClInclude>
    <ClInclude Include="rate.h">
      <Filter>头文件</Filter>
    </ClInclude>
    <ClInclude Include="resample_by_2_internal.h">
      <Filter>头文件</Filter>
    </ClInclude>
    <ClInclude Include="signal_processing_library.h">
      <Filter>头文件</Filter>
    </ClInclude>
    <ClInclude Include="smd.h">
      <Filter>头文件</Filter>
    </ClInclude>
    <ClInclude Include="spl_inl.h">
      <Filter>头文件</Filter>
    </ClInclude>
    <ClInclude Include="stack_alloc.h">
      <Filter>头文件</Filter>
    </ClInclude>
    <ClInclude Include="static_modes_float.h">
      <Filter>头文件</Filter>
    </ClInclude>
    <ClInclude Include="tansig_table.h">
      <Filter>头文件</Filter>
    </ClInclude>
    <ClInclude Include="typedef_fx.h">
      <Filter>头文件</Filter>
    </ClInclude>
    <ClInclude Include="typedefs.h">
      <Filter>头文件</Filter>
    </ClInclude>
  </ItemGroup>
  <ItemGroup>
    <ClCompile Include="analysis.c">
      <Filter>源文件</Filter>
    </ClCompile>
    <ClCompile Include="division_operations.c">
      <Filter>源文件</Filter>
    </ClCompile>
    <ClCompile Include="energy.c">
      <Filter>源文件</Filter>
    </ClCompile>
    <ClCompile Include="get_scaling_square.c">
      <Filter>源文件</Filter>
    </ClCompile>
    <ClCompile Include="kiss_fft.c">
      <Filter>源文件</Filter>
    </ClCompile>
    <ClCompile Include="min_max_operations.c">
      <Filter>源文件</Filter>
    </ClCompile>
    <ClCompile Include="mlp.c">
      <Filter>源文件</Filter>
    </ClCompile>
    <ClCompile Include="modes.c">
      <Filter>源文件</Filter>
    </ClCompile>
    <ClCompile Include="opus_encoder.c">
      <Filter>源文件</Filter>
    </ClCompile>
    <ClCompile Include="resample_48khz.c">
      <Filter>源文件</Filter>
    </ClCompile>
    <ClCompile Include="resample_by_2_internal.c">
      <Filter>源文件</Filter>
    </ClCompile>
    <ClCompile Include="resample_fractional.c">
      <Filter>源文件</Filter>
    </ClCompile>
    <ClCompile Include="smd.c">
      <Filter>源文件</Filter>
    </ClCompile>
  </ItemGroup>
</Project>